
Microsoft Visual Studio Solution File, Format Version 12.00
# Visual Studio Version 16
VisualStudioVersion = 16.0.31321.278
MinimumVisualStudioVersion = 10.0.40219.1
Project("{9A19103F-16F7-4668-BE54-9A1E7A4F7556}") = "KeyboardApp", "KeyboardApp.csproj", "{E162E92E-700E-4189-84C1-67E3A6E5BBB7}"
EndProject
Project("{FAE04EC0-301F-11D3-BF4B-00C04F79EFBC}") = "KeyboardControl", "..\KeyboardControl\KeyboardControl.csproj", "{AFA8D718-E19B-42D0-AAA1-01F927902BFA}"
EndProject
Global
	GlobalSection(SolutionConfigurationPlatforms) = preSolution
		Debug|Any CPU = Debug|Any CPU
		Release|Any CPU = Release|Any CPU
	EndGlobalSection
	GlobalSection(ProjectConfigurationPlatforms) = postSolution
		{E162E92E-700E-4189-84C1-67E3A6E5BBB7}.Debug|Any CPU.ActiveCfg = Debug|Any CPU
		{E162E92E-700E-4189-84C1-67E3A6E5BBB7}.Debug|Any CPU.Build.0 = Debug|Any CPU
		{E162E92E-700E-4189-84C1-67E3A6E5BBB7}.Release|Any CPU.ActiveCfg = Release|Any CPU
		{E162E92E-700E-4189-84C1-67E3A6E5BBB7}.Release|Any CPU.Build.0 = Release|Any CPU
		{AFA8D718-E19B-42D0-AAA1-01F927902BFA}.Debug|Any CPU.ActiveCfg = Debug|Any CPU
		{AFA8D718-E19B-42D0-AAA1-01F927902BFA}.Debug|Any CPU.Build.0 = Debug|Any CPU
		{AFA8D718-E19B-42D0-AAA1-01F927902BFA}.Release|Any CPU.ActiveCfg = Release|Any CPU
		{AFA8D718-E19B-42D0-AAA1-01F927902BFA}.Release|Any CPU.Build.0 = Release|Any CPU
	EndGlobalSection
	GlobalSection(SolutionProperties) = preSolution
		HideSolutionNode = FALSE
	EndGlobalSection
	GlobalSection(ExtensibilityGlobals) = postSolution
		SolutionGuid = {E282F757-235B-4882-905C-FEBB3ACE8172}
	EndGlobalSection
EndGlobal
